// !$*UTF8*$!
{
	archiveVersion = 1;
	classes = {
	};
	objectVersion = 45;
	objects = {

/* Begin PBXBuildFile section */
		8607F949118A41DB00FE23C0 /* VKController.h in Headers */ = {isa = PBXBuildFile; fileRef = 8607F947118A41DB00FE23C0 /* VKController.h */; };
		8607F94A118A41DB00FE23C0 /* VKController.m in Sources */ = {isa = PBXBuildFile; fileRef = 8607F948118A41DB00FE23C0 /* VKController.m */; };
		8607F9FE118B2DC500FE23C0 /* libiconv.dylib in Frameworks */ = {isa = PBXBuildFile; fileRef = 8607F9FD118B2DC500FE23C0 /* libiconv.dylib */; };
		864882121189CA1D002AB038 /* VKPocketSphinxDecoder.h in Headers */ = {isa = PBXBuildFile; fileRef = 864882101189CA1D002AB038 /* VKPocketSphinxDecoder.h */; settings = {ATTRIBUTES = (Public, ); }; };
		864882131189CA1D002AB038 /* VKPocketSphinxDecoder.m in Sources */ = {isa = PBXBuildFile; fileRef = 864882111189CA1D002AB038 /* VKPocketSphinxDecoder.m */; };
		864882161189CEFF002AB038 /* VKAudioQueueConnector.h in Headers */ = {isa = PBXBuildFile; fileRef = 864882141189CEFF002AB038 /* VKAudioQueueConnector.h */; settings = {ATTRIBUTES = (Public, ); }; };
		864882171189CEFF002AB038 /* VKAudioQueueConnector.m in Sources */ = {isa = PBXBuildFile; fileRef = 864882151189CEFF002AB038 /* VKAudioQueueConnector.m */; };
		864882281189D4C6002AB038 /* AudioToolbox.framework in Frameworks */ = {isa = PBXBuildFile; fileRef = 864882271189D4C6002AB038 /* AudioToolbox.framework */; };
		864882981189EEA8002AB038 /* VKDecoder.h in Headers */ = {isa = PBXBuildFile; fileRef = 864882971189EEA8002AB038 /* VKDecoder.h */; settings = {ATTRIBUTES = (Public, ); }; };
		AA747D9F0F9514B9006C5449 /* VocalKit_Prefix.pch in Headers */ = {isa = PBXBuildFile; fileRef = AA747D9E0F9514B9006C5449 /* VocalKit_Prefix.pch */; };
		AACBBE4A0F95108600F1A2B1 /* Foundation.framework in Frameworks */ = {isa = PBXBuildFile; fileRef = AACBBE490F95108600F1A2B1 /* Foundation.framework */; };
/* End PBXBuildFile section */

/* Begin PBXFileReference section */
		8607F947118A41DB00FE23C0 /* VKController.h */ = {isa = PBXFileReference; fileEncoding = 4; lastKnownFileType = sourcecode.c.h; path = VKController.h; sourceTree = "<group>"; };
		8607F948118A41DB00FE23C0 /* VKController.m */ = {isa = PBXFileReference; fileEncoding = 4; lastKnownFileType = sourcecode.c.objc; path = VKController.m; sourceTree = "<group>"; };
		8607F9FD118B2DC500FE23C0 /* libiconv.dylib */ = {isa = PBXFileReference; lastKnownFileType = "compiled.mach-o.dylib"; name = libiconv.dylib; path = usr/lib/libiconv.dylib; sourceTree = SDKROOT; };
		8607FEDF118FC88D00FE23C0 /* README.mdown */ = {isa = PBXFileReference; fileEncoding = 4; lastKnownFileType = text; path = README.mdown; sourceTree = "<group>"; };
		864882101189CA1D002AB038 /* VKPocketSphinxDecoder.h */ = {isa = PBXFileReference; fileEncoding = 4; lastKnownFileType = sourcecode.c.h; path = VKPocketSphinxDecoder.h; sourceTree = "<group>"; };
		864882111189CA1D002AB038 /* VKPocketSphinxDecoder.m */ = {isa = PBXFileReference; fileEncoding = 4; lastKnownFileType = sourcecode.c.objc; path = VKPocketSphinxDecoder.m; sourceTree = "<group>"; };
		864882141189CEFF002AB038 /* VKAudioQueueConnector.h */ = {isa = PBXFileReference; fileEncoding = 4; lastKnownFileType = sourcecode.c.h; path = VKAudioQueueConnector.h; sourceTree = "<group>"; };
		864882151189CEFF002AB038 /* VKAudioQueueConnector.m */ = {isa = PBXFileReference; fileEncoding = 4; lastKnownFileType = sourcecode.c.objc; path = VKAudioQueueConnector.m; sourceTree = "<group>"; };
		864882271189D4C6002AB038 /* AudioToolbox.framework */ = {isa = PBXFileReference; lastKnownFileType = wrapper.framework; name = AudioToolbox.framework; path = System/Library/Frameworks/AudioToolbox.framework; sourceTree = SDKROOT; };
		864882971189EEA8002AB038 /* VKDecoder.h */ = {isa = PBXFileReference; fileEncoding = 4; lastKnownFileType = sourcecode.c.h; path = VKDecoder.h; sourceTree = "<group>"; };
		AA747D9E0F9514B9006C5449 /* VocalKit_Prefix.pch */ = {isa = PBXFileReference; fileEncoding = 4; lastKnownFileType = sourcecode.c.h; path = VocalKit_Prefix.pch; sourceTree = SOURCE_ROOT; };
		AACBBE490F95108600F1A2B1 /* Foundation.framework */ = {isa = PBXFileReference; lastKnownFileType = wrapper.framework; name = Foundation.framework; path = System/Library/Frameworks/Foundation.framework; sourceTree = SDKROOT; };
		D2AAC07E0554694100DB518D /* libVocalKit.a */ = {isa = PBXFileReference; explicitFileType = archive.ar; includeInIndex = 0; path = libVocalKit.a; sourceTree = BUILT_PRODUCTS_DIR; };
/* End PBXFileReference section */

/* Begin PBXFrameworksBuildPhase section */
		D2AAC07C0554694100DB518D /* Frameworks */ = {
			isa = PBXFrameworksBuildPhase;
			buildActionMask = 2147483647;
			files = (
				AACBBE4A0F95108600F1A2B1 /* Foundation.framework in Frameworks */,
				864882281189D4C6002AB038 /* AudioToolbox.framework in Frameworks */,
				8607F9FE118B2DC500FE23C0 /* libiconv.dylib in Frameworks */,
			);
			runOnlyForDeploymentPostprocessing = 0;
		};
/* End PBXFrameworksBuildPhase section */

/* Begin PBXGroup section */
		034768DFFF38A50411DB9C8B /* Products */ = {
			isa = PBXGroup;
			children = (
				D2AAC07E0554694100DB518D /* libVocalKit.a */,
			);
			name = Products;
			sourceTree = "<group>";
		};
		0867D691FE84028FC02AAC07 /* VocalKit */ = {
			isa = PBXGroup;
			children = (
				8607FEDF118FC88D00FE23C0 /* README.mdown */,
				08FB77AEFE84172EC02AAC07 /* Classes */,
				32C88DFF0371C24200C91783 /* Other Sources */,
				0867D69AFE84028FC02AAC07 /* Frameworks */,
				034768DFFF38A50411DB9C8B /* Products */,
			);
			name = VocalKit;
			sourceTree = "<group>";
		};
		0867D69AFE84028FC02AAC07 /* Frameworks */ = {
			isa = PBXGroup;
			children = (
				8607F9FD118B2DC500FE23C0 /* libiconv.dylib */,
				864882271189D4C6002AB038 /* AudioToolbox.framework */,
				AACBBE490F95108600F1A2B1 /* Foundation.framework */,
			);
			name = Frameworks;
			sourceTree = "<group>";
		};
		08FB77AEFE84172EC02AAC07 /* Classes */ = {
			isa = PBXGroup;
			children = (
				864882101189CA1D002AB038 /* VKPocketSphinxDecoder.h */,
				864882111189CA1D002AB038 /* VKPocketSphinxDecoder.m */,
				864882141189CEFF002AB038 /* VKAudioQueueConnector.h */,
				864882151189CEFF002AB038 /* VKAudioQueueConnector.m */,
				864882971189EEA8002AB038 /* VKDecoder.h */,
				8607F947118A41DB00FE23C0 /* VKController.h */,
				8607F948118A41DB00FE23C0 /* VKController.m */,
			);
			name = Classes;
			sourceTree = "<group>";
		};
		32C88DFF0371C24200C91783 /* Other Sources */ = {
			isa = PBXGroup;
			children = (
				AA747D9E0F9514B9006C5449 /* VocalKit_Prefix.pch */,
			);
			name = "Other Sources";
			sourceTree = "<group>";
		};
/* End PBXGroup section */

/* Begin PBXHeadersBuildPhase section */
		D2AAC07A0554694100DB518D /* Headers */ = {
			isa = PBXHeadersBuildPhase;
			buildActionMask = 2147483647;
			files = (
				AA747D9F0F9514B9006C5449 /* VocalKit_Prefix.pch in Headers */,
				864882121189CA1D002AB038 /* VKPocketSphinxDecoder.h in Headers */,
				864882161189CEFF002AB038 /* VKAudioQueueConnector.h in Headers */,
				864882981189EEA8002AB038 /* VKDecoder.h in Headers */,
				8607F949118A41DB00FE23C0 /* VKController.h in Headers */,
			);
			runOnlyForDeploymentPostprocessing = 0;
		};
/* End PBXHeadersBuildPhase section */

/* Begin PBXNativeTarget section */
		D2AAC07D0554694100DB518D /* VocalKit */ = {
			isa = PBXNativeTarget;
			buildConfigurationList = 1DEB921E08733DC00010E9CD /* Build configuration list for PBXNativeTarget "VocalKit" */;
			buildPhases = (
				D2AAC07A0554694100DB518D /* Headers */,
				D2AAC07B0554694100DB518D /* Sources */,
				D2AAC07C0554694100DB518D /* Frameworks */,
			);
			buildRules = (
			);
			dependencies = (
			);
			name = VocalKit;
			productName = VocalKit;
			productReference = D2AAC07E0554694100DB518D /* libVocalKit.a */;
			productType = "com.apple.product-type.library.static";
		};
/* End PBXNativeTarget section */

/* Begin PBXProject section */
		0867D690FE84028FC02AAC07 /* Project object */ = {
			isa = PBXProject;
			buildConfigurationList = 1DEB922208733DC00010E9CD /* Build configuration list for PBXProject "VocalKit" */;
			compatibilityVersion = "Xcode 3.1";
			hasScannedForEncodings = 1;
			mainGroup = 0867D691FE84028FC02AAC07 /* VocalKit */;
			productRefGroup = 034768DFFF38A50411DB9C8B /* Products */;
			projectDirPath = "";
			projectRoot = "";
			targets = (
				D2AAC07D0554694100DB518D /* VocalKit */,
			);
		};
/* End PBXProject section */

/* Begin PBXSourcesBuildPhase section */
		D2AAC07B0554694100DB518D /* Sources */ = {
			isa = PBXSourcesBuildPhase;
			buildActionMask = 2147483647;
			files = (
				864882131189CA1D002AB038 /* VKPocketSphinxDecoder.m in Sources */,
				864882171189CEFF002AB038 /* VKAudioQueueConnector.m in Sources */,
				8607F94A118A41DB00FE23C0 /* VKController.m in Sources */,
			);
			runOnlyForDeploymentPostprocessing = 0;
		};
/* End PBXSourcesBuildPhase section */

/* Begin XCBuildConfiguration section */
		1DEB921F08733DC00010E9CD /* Debug */ = {
			isa = XCBuildConfiguration;
			buildSettings = {
				ALWAYS_SEARCH_USER_PATHS = NO;
				ARCHS = "$(ARCHS_STANDARD_32_BIT)";
				COPY_PHASE_STRIP = NO;
				DSTROOT = /tmp/VocalKit.dst;
				GCC_DYNAMIC_NO_PIC = NO;
				GCC_ENABLE_FIX_AND_CONTINUE = YES;
				GCC_MODEL_TUNING = G5;
				GCC_OPTIMIZATION_LEVEL = 0;
				GCC_PRECOMPILE_PREFIX_HEADER = YES;
				GCC_PREFIX_HEADER = VocalKit_Prefix.pch;
				GCC_VERSION = 4.2;
				INSTALL_PATH = /usr/local/lib;
				PRODUCT_NAME = VocalKit;
			};
			name = Debug;
		};
		1DEB922008733DC00010E9CD /* Release */ = {
			isa = XCBuildConfiguration;
			buildSettings = {
				ALWAYS_SEARCH_USER_PATHS = NO;
				ARCHS = "$(ARCHS_STANDARD_32_BIT)";
				DSTROOT = /tmp/VocalKit.dst;
				GCC_MODEL_TUNING = G5;
				GCC_PRECOMPILE_PREFIX_HEADER = YES;
				GCC_PREFIX_HEADER = VocalKit_Prefix.pch;
				INSTALL_PATH = /usr/local/lib;
				PRODUCT_NAME = VocalKit;
			};
			name = Release;
		};
		1DEB922308733DC00010E9CD /* Debug */ = {
			isa = XCBuildConfiguration;
			buildSettings = {
				ARCHS = "$(ARCHS_STANDARD_32_BIT)";
				DEAD_CODE_STRIPPING = NO;
				GCC_C_LANGUAGE_STANDARD = c99;
				GCC_OPTIMIZATION_LEVEL = 0;
				GCC_THUMB_SUPPORT = NO;
				GCC_VERSION = 4.2;
				GCC_WARN_ABOUT_RETURN_TYPE = YES;
				GCC_WARN_UNUSED_VARIABLE = YES;
				HEADER_SEARCH_PATHS = (
					"\"$(HOME)$(SDK_DIR)/include/sphinxbase\"",
					"$(HOME)$(SDK_DIR)/include/pocketsphinx",
				);
				LIBRARY_SEARCH_PATHS = "\"$(HOME)$(SDK_DIR)/lib\"";
				OTHER_LDFLAGS = (
					"-lpocketsphinx",
					"-lsphinxbase",
					"-ObjC",
				);
				PREBINDING = NO;
				SDKROOT = iphoneos3.2;
			};
			name = Debug;
		};
		1DEB922408733DC00010E9CD /* Release */ = {
			isa = XCBuildConfiguration;
			buildSettings = {
				ARCHS = "$(ARCHS_STANDARD_32_BIT)";
				GCC_C_LANGUAGE_STANDARD = c99;
				GCC_WARN_ABOUT_RETURN_TYPE = YES;
				GCC_WARN_UNUSED_VARIABLE = YES;
				OTHER_LDFLAGS = "-ObjC";
				PREBINDING = NO;
				SDKROOT = iphoneos3.2;
			};
			name = Release;
		};
/* End XCBuildConfiguration section */

/* Begin XCConfigurationList section */
		1DEB921E08733DC00010E9CD /* Build configuration list for PBXNativeTarget "VocalKit" */ = {
			isa = XCConfigurationList;
			buildConfigurations = (
				1DEB921F08733DC00010E9CD /* Debug */,
				1DEB922008733DC00010E9CD /* Release */,
			);
			defaultConfigurationIsVisible = 0;
			defaultConfigurationName = Release;
		};
		1DEB922208733DC00010E9CD /* Build configuration list for PBXProject "VocalKit" */ = {
			isa = XCConfigurationList;
			buildConfigurations = (
				1DEB922308733DC00010E9CD /* Debug */,
				1DEB922408733DC00010E9CD /* Release */,
			);
			defaultConfigurationIsVisible = 0;
			defaultConfigurationName = Release;
		};
/* End XCConfigurationList section */
	};
	rootObject = 0867D690FE84028FC02AAC07 /* Project object */;
}
